
Microsoft Visual Studio Solution File, Format Version 11.00
# Visual Studio 2010
Project("{FAE04EC0-301F-11D3-BF4B-00C04F79EFBC}") = "Assembly-CSharp", "Assembly-CSharp.csproj", "{0B898F11-9524-4365-6F9B-FA2EFA15B0CC}"
EndProject
Global
	GlobalSection(SolutionConfigurationPlatforms) = preSolution
		Debug|Any CPU = Debug|Any CPU
		Release|Any CPU = Release|Any CPU
	EndGlobalSection
	GlobalSection(ProjectConfigurationPlatforms) = postSolution
		{0B898F11-9524-4365-6F9B-FA2EFA15B0CC}.Debug|Any CPU.ActiveCfg = Debug|Any CPU
		{0B898F11-9524-4365-6F9B-FA2EFA15B0CC}.Debug|Any CPU.Build.0 = Debug|Any CPU
		{0B898F11-9524-4365-6F9B-FA2EFA15B0CC}.Release|Any CPU.ActiveCfg = Release|Any CPU
		{0B898F11-9524-4365-6F9B-FA2EFA15B0CC}.Release|Any CPU.Build.0 = Release|Any CPU
	EndGlobalSection
	GlobalSection(SolutionProperties) = preSolution
		HideSolutionNode = FALSE
	EndGlobalSection
EndGlobal
